
Microsoft Visual Studio Solution File, Format Version 12.00
# Visual Studio 15
VisualStudioVersion = 15.0.27428.2002
MinimumVisualStudioVersion = 10.0.40219.1
Project("{FAE04EC0-301F-11D3-BF4B-00C04F79EFBC}") = "MVCtake2", "MVCtake2\MVCtake2.csproj", "{AACC9439-D385-4E67-9C93-7997C2FFC492}"
EndProject
Global
	GlobalSection(SolutionConfigurationPlatforms) = preSolution
		Debug|Any CPU = Debug|Any CPU
		Release|Any CPU = Release|Any CPU
	EndGlobalSection
	GlobalSection(ProjectConfigurationPlatforms) = postSolution
		{AACC9439-D385-4E67-9C93-7997C2FFC492}.Debug|Any CPU.ActiveCfg = Debug|Any CPU
		{AACC9439-D385-4E67-9C93-7997C2FFC492}.Debug|Any CPU.Build.0 = Debug|Any CPU
		{AACC9439-D385-4E67-9C93-7997C2FFC492}.Release|Any CPU.ActiveCfg = Release|Any CPU
		{AACC9439-D385-4E67-9C93-7997C2FFC492}.Release|Any CPU.Build.0 = Release|Any CPU
	EndGlobalSection
	GlobalSection(SolutionProperties) = preSolution
		HideSolutionNode = FALSE
	EndGlobalSection
	GlobalSection(ExtensibilityGlobals) = postSolution
		SolutionGuid = {DB15D5DE-0183-4D13-AF7C-4060D38234CB}
	EndGlobalSection
EndGlobal
