
Microsoft Visual Studio Solution File, Format Version 12.00
# Visual Studio 15
VisualStudioVersion = 15.0.27130.2026
MinimumVisualStudioVersion = 10.0.40219.1
Project("{FAE04EC0-301F-11D3-BF4B-00C04F79EFBC}") = "ComicBookGalleryModel", "ComicBookGalleryModel\ComicBookGalleryModel.csproj", "{17F5C29A-2DA0-43FD-B987-0A1DB05BC9DE}"
EndProject
Global
	GlobalSection(SolutionConfigurationPlatforms) = preSolution
		Debug|Any CPU = Debug|Any CPU
		Release|Any CPU = Release|Any CPU
	EndGlobalSection
	GlobalSection(ProjectConfigurationPlatforms) = postSolution
		{17F5C29A-2DA0-43FD-B987-0A1DB05BC9DE}.Debug|Any CPU.ActiveCfg = Debug|Any CPU
		{17F5C29A-2DA0-43FD-B987-0A1DB05BC9DE}.Debug|Any CPU.Build.0 = Debug|Any CPU
		{17F5C29A-2DA0-43FD-B987-0A1DB05BC9DE}.Release|Any CPU.ActiveCfg = Release|Any CPU
		{17F5C29A-2DA0-43FD-B987-0A1DB05BC9DE}.Release|Any CPU.Build.0 = Release|Any CPU
	EndGlobalSection
	GlobalSection(SolutionProperties) = preSolution
		HideSolutionNode = FALSE
	EndGlobalSection
	GlobalSection(ExtensibilityGlobals) = postSolution
		SolutionGuid = {429B07F0-992C-4773-B687-05E661FEDC9B}
	EndGlobalSection
EndGlobal
